
Microsoft Visual Studio Solution File, Format Version 12.00
# Visual Studio Version 16
VisualStudioVersion = 16.0.30320.27
MinimumVisualStudioVersion = 10.0.40219.1
Project("{FAE04EC0-301F-11D3-BF4B-00C04F79EFBC}") = "TocaTudoPlayer.Xamarim.Android", "TocaTudoPlayer.Xamarim\TocaTudoPlayer.Xamarim.Android\TocaTudoPlayer.Xamarim.Android.csproj", "{B197CE9E-BB5B-4A9A-9B05-C81FFE742723}"
EndProject
Project("{FAE04EC0-301F-11D3-BF4B-00C04F79EFBC}") = "TocaTudoPlayer.Xamarim.iOS", "TocaTudoPlayer.Xamarim\TocaTudoPlayer.Xamarim.iOS\TocaTudoPlayer.Xamarim.iOS.csproj", "{20F859E2-D807-4488-AFBF-74C95B0B1AAF}"
EndProject
Project("{9A19103F-16F7-4668-BE54-9A1E7A4F7556}") = "TocaTudoPlayer.Xamarim", "TocaTudoPlayer.Xamarim\TocaTudoPlayer.Xamarim\TocaTudoPlayer.Xamarim.csproj", "{FD86E9DA-69C0-48BC-9493-F0A131B6410F}"
EndProject
Project("{9A19103F-16F7-4668-BE54-9A1E7A4F7556}") = "ConsoleApp1", "ConsoleApp1\ConsoleApp1.csproj", "{B0ED910B-A65B-42AC-AC3E-8A6455DC52C5}"
EndProject
Global
	GlobalSection(SolutionConfigurationPlatforms) = preSolution
		Debug|Any CPU = Debug|Any CPU
		Debug|iPhone = Debug|iPhone
		Debug|iPhoneSimulator = Debug|iPhoneSimulator
		Release|Any CPU = Release|Any CPU
		Release|iPhone = Release|iPhone
		Release|iPhoneSimulator = Release|iPhoneSimulator
	EndGlobalSection
	GlobalSection(ProjectConfigurationPlatforms) = postSolution
		{B197CE9E-BB5B-4A9A-9B05-C81FFE742723}.Debug|Any CPU.ActiveCfg = Debug|Any CPU
		{B197CE9E-BB5B-4A9A-9B05-C81FFE742723}.Debug|Any CPU.Build.0 = Debug|Any CPU
		{B197CE9E-BB5B-4A9A-9B05-C81FFE742723}.Debug|Any CPU.Deploy.0 = Debug|Any CPU
		{B197CE9E-BB5B-4A9A-9B05-C81FFE742723}.Debug|iPhone.ActiveCfg = Debug|Any CPU
		{B197CE9E-BB5B-4A9A-9B05-C81FFE742723}.Debug|iPhone.Build.0 = Debug|Any CPU
		{B197CE9E-BB5B-4A9A-9B05-C81FFE742723}.Debug|iPhone.Deploy.0 = Debug|Any CPU
		{B197CE9E-BB5B-4A9A-9B05-C81FFE742723}.Debug|iPhoneSimulator.ActiveCfg = Debug|Any CPU
		{B197CE9E-BB5B-4A9A-9B05-C81FFE742723}.Debug|iPhoneSimulator.Build.0 = Debug|Any CPU
		{B197CE9E-BB5B-4A9A-9B05-C81FFE742723}.Debug|iPhoneSimulator.Deploy.0 = Debug|Any CPU
		{B197CE9E-BB5B-4A9A-9B05-C81FFE742723}.Release|Any CPU.ActiveCfg = Release|Any CPU
		{B197CE9E-BB5B-4A9A-9B05-C81FFE742723}.Release|Any CPU.Build.0 = Release|Any CPU
		{B197CE9E-BB5B-4A9A-9B05-C81FFE742723}.Release|Any CPU.Deploy.0 = Release|Any CPU
		{B197CE9E-BB5B-4A9A-9B05-C81FFE742723}.Release|iPhone.ActiveCfg = Release|Any CPU
		{B197CE9E-BB5B-4A9A-9B05-C81FFE742723}.Release|iPhone.Build.0 = Release|Any CPU
		{B197CE9E-BB5B-4A9A-9B05-C81FFE742723}.Release|iPhone.Deploy.0 = Release|Any CPU
		{B197CE9E-BB5B-4A9A-9B05-C81FFE742723}.Release|iPhoneSimulator.ActiveCfg = Release|Any CPU
		{B197CE9E-BB5B-4A9A-9B05-C81FFE742723}.Release|iPhoneSimulator.Build.0 = Release|Any CPU
		{B197CE9E-BB5B-4A9A-9B05-C81FFE742723}.Release|iPhoneSimulator.Deploy.0 = Release|Any CPU
		{20F859E2-D807-4488-AFBF-74C95B0B1AAF}.Debug|Any CPU.ActiveCfg = Debug|iPhone
		{20F859E2-D807-4488-AFBF-74C95B0B1AAF}.Debug|Any CPU.Build.0 = Debug|iPhone
		{20F859E2-D807-4488-AFBF-74C95B0B1AAF}.Debug|Any CPU.Deploy.0 = Debug|iPhone
		{20F859E2-D807-4488-AFBF-74C95B0B1AAF}.Debug|iPhone.ActiveCfg = Debug|iPhone
		{20F859E2-D807-4488-AFBF-74C95B0B1AAF}.Debug|iPhone.Build.0 = Debug|iPhone
		{20F859E2-D807-4488-AFBF-74C95B0B1AAF}.Debug|iPhone.Deploy.0 = Debug|iPhone
		{20F859E2-D807-4488-AFBF-74C95B0B1AAF}.Debug|iPhoneSimulator.ActiveCfg = Debug|iPhoneSimulator
		{20F859E2-D807-4488-AFBF-74C95B0B1AAF}.Debug|iPhoneSimulator.Build.0 = Debug|iPhoneSimulator
		{20F859E2-D807-4488-AFBF-74C95B0B1AAF}.Debug|iPhoneSimulator.Deploy.0 = Debug|iPhoneSimulator
		{20F859E2-D807-4488-AFBF-74C95B0B1AAF}.Release|Any CPU.ActiveCfg = Release|iPhone
		{20F859E2-D807-4488-AFBF-74C95B0B1AAF}.Release|Any CPU.Build.0 = Release|iPhone
		{20F859E2-D807-4488-AFBF-74C95B0B1AAF}.Release|Any CPU.Deploy.0 = Release|iPhone
		{20F859E2-D807-4488-AFBF-74C95B0B1AAF}.Release|iPhone.ActiveCfg = Release|iPhone
		{20F859E2-D807-4488-AFBF-74C95B0B1AAF}.Release|iPhone.Build.0 = Release|iPhone
		{20F859E2-D807-4488-AFBF-74C95B0B1AAF}.Release|iPhone.Deploy.0 = Release|iPhone
		{20F859E2-D807-4488-AFBF-74C95B0B1AAF}.Release|iPhoneSimulator.ActiveCfg = Release|iPhoneSimulator
		{20F859E2-D807-4488-AFBF-74C95B0B1AAF}.Release|iPhoneSimulator.Build.0 = Release|iPhoneSimulator
		{20F859E2-D807-4488-AFBF-74C95B0B1AAF}.Release|iPhoneSimulator.Deploy.0 = Release|iPhoneSimulator
		{FD86E9DA-69C0-48BC-9493-F0A131B6410F}.Debug|Any CPU.ActiveCfg = Debug|Any CPU
		{FD86E9DA-69C0-48BC-9493-F0A131B6410F}.Debug|Any CPU.Build.0 = Debug|Any CPU
		{FD86E9DA-69C0-48BC-9493-F0A131B6410F}.Debug|Any CPU.Deploy.0 = Debug|Any CPU
		{FD86E9DA-69C0-48BC-9493-F0A131B6410F}.Debug|iPhone.ActiveCfg = Debug|Any CPU
		{FD86E9DA-69C0-48BC-9493-F0A131B6410F}.Debug|iPhone.Build.0 = Debug|Any CPU
		{FD86E9DA-69C0-48BC-9493-F0A131B6410F}.Debug|iPhone.Deploy.0 = Debug|Any CPU
		{FD86E9DA-69C0-48BC-9493-F0A131B6410F}.Debug|iPhoneSimulator.ActiveCfg = Debug|Any CPU
		{FD86E9DA-69C0-48BC-9493-F0A131B6410F}.Debug|iPhoneSimulator.Build.0 = Debug|Any CPU
		{FD86E9DA-69C0-48BC-9493-F0A131B6410F}.Debug|iPhoneSimulator.Deploy.0 = Debug|Any CPU
		{FD86E9DA-69C0-48BC-9493-F0A131B6410F}.Release|Any CPU.ActiveCfg = Release|Any CPU
		{FD86E9DA-69C0-48BC-9493-F0A131B6410F}.Release|Any CPU.Build.0 = Release|Any CPU
		{FD86E9DA-69C0-48BC-9493-F0A131B6410F}.Release|Any CPU.Deploy.0 = Release|Any CPU
		{FD86E9DA-69C0-48BC-9493-F0A131B6410F}.Release|iPhone.ActiveCfg = Release|Any CPU
		{FD86E9DA-69C0-48BC-9493-F0A131B6410F}.Release|iPhone.Build.0 = Release|Any CPU
		{FD86E9DA-69C0-48BC-9493-F0A131B6410F}.Release|iPhone.Deploy.0 = Release|Any CPU
		{FD86E9DA-69C0-48BC-9493-F0A131B6410F}.Release|iPhoneSimulator.ActiveCfg = Release|Any CPU
		{FD86E9DA-69C0-48BC-9493-F0A131B6410F}.Release|iPhoneSimulator.Build.0 = Release|Any CPU
		{FD86E9DA-69C0-48BC-9493-F0A131B6410F}.Release|iPhoneSimulator.Deploy.0 = Release|Any CPU
		{B0ED910B-A65B-42AC-AC3E-8A6455DC52C5}.Debug|Any CPU.ActiveCfg = Debug|Any CPU
		{B0ED910B-A65B-42AC-AC3E-8A6455DC52C5}.Debug|Any CPU.Build.0 = Debug|Any CPU
		{B0ED910B-A65B-42AC-AC3E-8A6455DC52C5}.Debug|iPhone.ActiveCfg = Debug|Any CPU
		{B0ED910B-A65B-42AC-AC3E-8A6455DC52C5}.Debug|iPhone.Build.0 = Debug|Any CPU
		{B0ED910B-A65B-42AC-AC3E-8A6455DC52C5}.Debug|iPhoneSimulator.ActiveCfg = Debug|Any CPU
		{B0ED910B-A65B-42AC-AC3E-8A6455DC52C5}.Debug|iPhoneSimulator.Build.0 = Debug|Any CPU
		{B0ED910B-A65B-42AC-AC3E-8A6455DC52C5}.Release|Any CPU.ActiveCfg = Release|Any CPU
		{B0ED910B-A65B-42AC-AC3E-8A6455DC52C5}.Release|Any CPU.Build.0 = Release|Any CPU
		{B0ED910B-A65B-42AC-AC3E-8A6455DC52C5}.Release|iPhone.ActiveCfg = Release|Any CPU
		{B0ED910B-A65B-42AC-AC3E-8A6455DC52C5}.Release|iPhone.Build.0 = Release|Any CPU
		{B0ED910B-A65B-42AC-AC3E-8A6455DC52C5}.Release|iPhoneSimulator.ActiveCfg = Release|Any CPU
		{B0ED910B-A65B-42AC-AC3E-8A6455DC52C5}.Release|iPhoneSimulator.Build.0 = Release|Any CPU
	EndGlobalSection
	GlobalSection(SolutionProperties) = preSolution
		HideSolutionNode = FALSE
	EndGlobalSection
	GlobalSection(ExtensibilityGlobals) = postSolution
		SolutionGuid = {40C97EC3-7690-47F6-96FC-7306F6A7602B}
	EndGlobalSection
	GlobalSection(TeamFoundationVersionControl) = preSolution
		SccNumberOfProjects = 5
		SccEnterpriseProvider = {4CA58AB2-18FA-4F8D-95D4-32DDF27D184C}
		SccTeamFoundationServer = https://bomite.visualstudio.com/
		SccLocalPath0 = .
		SccProjectUniqueName1 = ConsoleApp1\\ConsoleApp1.csproj
		SccProjectName1 = ConsoleApp1
		SccLocalPath1 = ConsoleApp1
		SccProjectUniqueName2 = TocaTudoPlayer.Xamarim\\TocaTudoPlayer.Xamarim.Android\\TocaTudoPlayer.Xamarim.Android.csproj
		SccProjectName2 = TocaTudoPlayer.Xamarim/TocaTudoPlayer.Xamarim.Android
		SccLocalPath2 = TocaTudoPlayer.Xamarim\\TocaTudoPlayer.Xamarim.Android
		SccProjectUniqueName3 = TocaTudoPlayer.Xamarim\\TocaTudoPlayer.Xamarim.iOS\\TocaTudoPlayer.Xamarim.iOS.csproj
		SccProjectName3 = TocaTudoPlayer.Xamarim/TocaTudoPlayer.Xamarim.iOS
		SccLocalPath3 = TocaTudoPlayer.Xamarim\\TocaTudoPlayer.Xamarim.iOS
		SccProjectUniqueName4 = TocaTudoPlayer.Xamarim\\TocaTudoPlayer.Xamarim\\TocaTudoPlayer.Xamarim.csproj
		SccProjectName4 = TocaTudoPlayer.Xamarim/TocaTudoPlayer.Xamarim
		SccLocalPath4 = TocaTudoPlayer.Xamarim\\TocaTudoPlayer.Xamarim
	EndGlobalSection
EndGlobal
